
Microsoft Visual Studio Solution File, Format Version 12.00
# Visual Studio Version 17
VisualStudioVersion = 17.0.32014.148
MinimumVisualStudioVersion = 10.0.40219.1
Project("{2150E333-8FDC-42A3-9474-1A3956D46DE8}") = "FrontEnd", "FrontEnd", "{0789433B-6D20-431D-911F-22DCDEF0DF16}"
EndProject
Project("{FAE04EC0-301F-11D3-BF4B-00C04F79EFBC}") = "Mango.Web", "Mango.Web\Mango.Web.csproj", "{2487E803-D21D-48E4-9B58-045D45278C77}"
EndProject
Project("{2150E333-8FDC-42A3-9474-1A3956D46DE8}") = "Services", "Services", "{B03E7285-0BF1-4309-B3A4-033D56185476}"
EndProject
Project("{FAE04EC0-301F-11D3-BF4B-00C04F79EFBC}") = "Mango.Services.ProductAPI", "Mango.Services.ProductAPI\Mango.Services.ProductAPI.csproj", "{608326F9-C76E-4FDD-ACE5-82AC9703DB9F}"
EndProject
Global
	GlobalSection(SolutionConfigurationPlatforms) = preSolution
		Debug|Any CPU = Debug|Any CPU
		Release|Any CPU = Release|Any CPU
	EndGlobalSection
	GlobalSection(ProjectConfigurationPlatforms) = postSolution
		{2487E803-D21D-48E4-9B58-045D45278C77}.Debug|Any CPU.ActiveCfg = Debug|Any CPU
		{2487E803-D21D-48E4-9B58-045D45278C77}.Debug|Any CPU.Build.0 = Debug|Any CPU
		{2487E803-D21D-48E4-9B58-045D45278C77}.Release|Any CPU.ActiveCfg = Release|Any CPU
		{2487E803-D21D-48E4-9B58-045D45278C77}.Release|Any CPU.Build.0 = Release|Any CPU
		{608326F9-C76E-4FDD-ACE5-82AC9703DB9F}.Debug|Any CPU.ActiveCfg = Debug|Any CPU
		{608326F9-C76E-4FDD-ACE5-82AC9703DB9F}.Debug|Any CPU.Build.0 = Debug|Any CPU
		{608326F9-C76E-4FDD-ACE5-82AC9703DB9F}.Release|Any CPU.ActiveCfg = Release|Any CPU
		{608326F9-C76E-4FDD-ACE5-82AC9703DB9F}.Release|Any CPU.Build.0 = Release|Any CPU
	EndGlobalSection
	GlobalSection(SolutionProperties) = preSolution
		HideSolutionNode = FALSE
	EndGlobalSection
	GlobalSection(NestedProjects) = preSolution
		{2487E803-D21D-48E4-9B58-045D45278C77} = {0789433B-6D20-431D-911F-22DCDEF0DF16}
		{608326F9-C76E-4FDD-ACE5-82AC9703DB9F} = {B03E7285-0BF1-4309-B3A4-033D56185476}
	EndGlobalSection
	GlobalSection(ExtensibilityGlobals) = postSolution
		SolutionGuid = {7F189995-2175-4CDB-8D09-E61448234FEB}
	EndGlobalSection
EndGlobal
